
Microsoft Visual Studio Solution File, Format Version 12.00
# Visual Studio Version 17
VisualStudioVersion = 17.8.34525.116
MinimumVisualStudioVersion = 10.0.40219.1
Project("{FAE04EC0-301F-11D3-BF4B-00C04F79EFBC}") = "Anchok", "Anchok.csproj", "{9D413184-0CA8-460D-BA27-B6BD4994B016}"
EndProject
Project("{FAE04EC0-301F-11D3-BF4B-00C04F79EFBC}") = "Anchok.DAL", "..\Anchok.DAL\Anchok.DAL.csproj", "{C37EC2FC-535B-4AC7-A4BF-39A9933E6C8A}"
EndProject
Global
	GlobalSection(SolutionConfigurationPlatforms) = preSolution
		Debug|Any CPU = Debug|Any CPU
		Release|Any CPU = Release|Any CPU
	EndGlobalSection
	GlobalSection(ProjectConfigurationPlatforms) = postSolution
		{9D413184-0CA8-460D-BA27-B6BD4994B016}.Debug|Any CPU.ActiveCfg = Debug|Any CPU
		{9D413184-0CA8-460D-BA27-B6BD4994B016}.Debug|Any CPU.Build.0 = Debug|Any CPU
		{9D413184-0CA8-460D-BA27-B6BD4994B016}.Release|Any CPU.ActiveCfg = Release|Any CPU
		{9D413184-0CA8-460D-BA27-B6BD4994B016}.Release|Any CPU.Build.0 = Release|Any CPU
		{C37EC2FC-535B-4AC7-A4BF-39A9933E6C8A}.Debug|Any CPU.ActiveCfg = Debug|Any CPU
		{C37EC2FC-535B-4AC7-A4BF-39A9933E6C8A}.Debug|Any CPU.Build.0 = Debug|Any CPU
		{C37EC2FC-535B-4AC7-A4BF-39A9933E6C8A}.Release|Any CPU.ActiveCfg = Release|Any CPU
		{C37EC2FC-535B-4AC7-A4BF-39A9933E6C8A}.Release|Any CPU.Build.0 = Release|Any CPU
	EndGlobalSection
	GlobalSection(SolutionProperties) = preSolution
		HideSolutionNode = FALSE
	EndGlobalSection
	GlobalSection(ExtensibilityGlobals) = postSolution
		SolutionGuid = {CF6D087C-245E-4502-B62A-2C1919F21B04}
	EndGlobalSection
EndGlobal
